
Microsoft Visual Studio Solution File, Format Version 12.00
# Visual Studio Version 17
VisualStudioVersion = 17.1.32319.34
MinimumVisualStudioVersion = 10.0.40219.1
Project("{FAE04EC0-301F-11D3-BF4B-00C04F79EFBC}") = "ContaBancaria", "ContaBancaria\ContaBancaria.csproj", "{60FD6DD3-89A7-41A9-ADE2-F69F2D47A3BD}"
EndProject
Global
	GlobalSection(SolutionConfigurationPlatforms) = preSolution
		Debug|Any CPU = Debug|Any CPU
		Release|Any CPU = Release|Any CPU
	EndGlobalSection
	GlobalSection(ProjectConfigurationPlatforms) = postSolution
		{60FD6DD3-89A7-41A9-ADE2-F69F2D47A3BD}.Debug|Any CPU.ActiveCfg = Debug|Any CPU
		{60FD6DD3-89A7-41A9-ADE2-F69F2D47A3BD}.Debug|Any CPU.Build.0 = Debug|Any CPU
		{60FD6DD3-89A7-41A9-ADE2-F69F2D47A3BD}.Release|Any CPU.ActiveCfg = Release|Any CPU
		{60FD6DD3-89A7-41A9-ADE2-F69F2D47A3BD}.Release|Any CPU.Build.0 = Release|Any CPU
	EndGlobalSection
	GlobalSection(SolutionProperties) = preSolution
		HideSolutionNode = FALSE
	EndGlobalSection
	GlobalSection(ExtensibilityGlobals) = postSolution
		SolutionGuid = {CEC3FB35-7BF5-4109-91FF-FB113C9AC94E}
	EndGlobalSection
EndGlobal
